// !$*UTF8*$!
{
	archiveVersion = 1;
	classes = {
	};
	objectVersion = 51;
	objects = {

/* Begin PBXBuildFile section */
		888DD46C24BFEBB900E12DC9 /* ViewController.swift in Sources */ = {isa = PBXBuildFile; fileRef = 888DD46B24BFEBB900E12DC9 /* ViewController.swift */; };
		888DD46F24BFEBB900E12DC9 /* Main.storyboard in Resources */ = {isa = PBXBuildFile; fileRef = 888DD46D24BFEBB900E12DC9 /* Main.storyboard */; };
		888DD47124BFEBBC00E12DC9 /* Assets.xcassets in Resources */ = {isa = PBXBuildFile; fileRef = 888DD47024BFEBBC00E12DC9 /* Assets.xcassets */; };
		888DD47424BFEBBC00E12DC9 /* LaunchScreen.storyboard in Resources */ = {isa = PBXBuildFile; fileRef = 888DD47224BFEBBC00E12DC9 /* LaunchScreen.storyboard */; };
		888DD47F24BFEC2600E12DC9 /* GoogleMap.swift in Sources */ = {isa = PBXBuildFile; fileRef = 888DD47B24BFEC2500E12DC9 /* GoogleMap.swift */; };
		888DD48024BFEC2600E12DC9 /* AppDelegate.swift in Sources */ = {isa = PBXBuildFile; fileRef = 888DD47C24BFEC2500E12DC9 /* AppDelegate.swift */; };
		888DD48524BFEC3700E12DC9 /* JsonBase.swift in Sources */ = {isa = PBXBuildFile; fileRef = 888DD48324BFEC3700E12DC9 /* JsonBase.swift */; };
		888DD48624BFEC3700E12DC9 /* Data.swift in Sources */ = {isa = PBXBuildFile; fileRef = 888DD48424BFEC3700E12DC9 /* Data.swift */; };
		888DD48924BFECCE00E12DC9 /* MyMap.swift in Sources */ = {isa = PBXBuildFile; fileRef = 888DD48824BFECCE00E12DC9 /* MyMap.swift */; };
		8AE6F886605EB6D248033F62 /* Pods_TaskMapCluster.framework in Frameworks */ = {isa = PBXBuildFile; fileRef = D48101CFD66EFE164DD018FA /* Pods_TaskMapCluster.framework */; };
/* End PBXBuildFile section */

/* Begin PBXFileReference section */
		83FA415EC34BBDFCE3235EDA /* Pods-TaskMapCluster.debug.xcconfig */ = {isa = PBXFileReference; includeInIndex = 1; lastKnownFileType = text.xcconfig; name = "Pods-TaskMapCluster.debug.xcconfig"; path = "Target Support Files/Pods-TaskMapCluster/Pods-TaskMapCluster.debug.xcconfig"; sourceTree = "<group>"; };
		888DD46624BFEBB900E12DC9 /* TaskMapCluster.app */ = {isa = PBXFileReference; explicitFileType = wrapper.application; includeInIndex = 0; path = TaskMapCluster.app; sourceTree = BUILT_PRODUCTS_DIR; };
		888DD46B24BFEBB900E12DC9 /* ViewController.swift */ = {isa = PBXFileReference; lastKnownFileType = sourcecode.swift; path = ViewController.swift; sourceTree = "<group>"; };
		888DD46E24BFEBB900E12DC9 /* Base */ = {isa = PBXFileReference; lastKnownFileType = file.storyboard; name = Base; path = Base.lproj/Main.storyboard; sourceTree = "<group>"; };
		888DD47024BFEBBC00E12DC9 /* Assets.xcassets */ = {isa = PBXFileReference; lastKnownFileType = folder.assetcatalog; path = Assets.xcassets; sourceTree = "<group>"; };
		888DD47324BFEBBC00E12DC9 /* Base */ = {isa = PBXFileReference; lastKnownFileType = file.storyboard; name = Base; path = Base.lproj/LaunchScreen.storyboard; sourceTree = "<group>"; };
		888DD47524BFEBBC00E12DC9 /* Info.plist */ = {isa = PBXFileReference; lastKnownFileType = text.plist.xml; path = Info.plist; sourceTree = "<group>"; };
		888DD47B24BFEC2500E12DC9 /* GoogleMap.swift */ = {isa = PBXFileReference; fileEncoding = 4; lastKnownFileType = sourcecode.swift; path = GoogleMap.swift; sourceTree = "<group>"; };
		888DD47C24BFEC2500E12DC9 /* AppDelegate.swift */ = {isa = PBXFileReference; fileEncoding = 4; lastKnownFileType = sourcecode.swift; name = AppDelegate.swift; path = ../AppDelegate.swift; sourceTree = "<group>"; };
		888DD48324BFEC3700E12DC9 /* JsonBase.swift */ = {isa = PBXFileReference; fileEncoding = 4; lastKnownFileType = sourcecode.swift; path = JsonBase.swift; sourceTree = "<group>"; };
		888DD48424BFEC3700E12DC9 /* Data.swift */ = {isa = PBXFileReference; fileEncoding = 4; lastKnownFileType = sourcecode.swift; path = Data.swift; sourceTree = "<group>"; };
		888DD48824BFECCE00E12DC9 /* MyMap.swift */ = {isa = PBXFileReference; fileEncoding = 4; lastKnownFileType = sourcecode.swift; path = MyMap.swift; sourceTree = "<group>"; };
		9B0B2055206AE6A012EB4BF6 /* Pods-TaskMapCluster.release.xcconfig */ = {isa = PBXFileReference; includeInIndex = 1; lastKnownFileType = text.xcconfig; name = "Pods-TaskMapCluster.release.xcconfig"; path = "Target Support Files/Pods-TaskMapCluster/Pods-TaskMapCluster.release.xcconfig"; sourceTree = "<group>"; };
		D48101CFD66EFE164DD018FA /* Pods_TaskMapCluster.framework */ = {isa = PBXFileReference; explicitFileType = wrapper.framework; includeInIndex = 0; path = Pods_TaskMapCluster.framework; sourceTree = BUILT_PRODUCTS_DIR; };
/* End PBXFileReference section */

/* Begin PBXFrameworksBuildPhase section */
		888DD46324BFEBB900E12DC9 /* Frameworks */ = {
			isa = PBXFrameworksBuildPhase;
			buildActionMask = 2147483647;
			files = (
				8AE6F886605EB6D248033F62 /* Pods_TaskMapCluster.framework in Frameworks */,
			);
			runOnlyForDeploymentPostprocessing = 0;
		};
/* End PBXFrameworksBuildPhase section */

/* Begin PBXGroup section */
		888DD45D24BFEBB900E12DC9 = {
			isa = PBXGroup;
			children = (
				888DD46824BFEBB900E12DC9 /* TaskMapCluster */,
				888DD46724BFEBB900E12DC9 /* Products */,
				E646125B6B72D1E0FCDD9A5B /* Pods */,
				EBA2D7172B25C1C5D1CAA442 /* Frameworks */,
			);
			sourceTree = "<group>";
		};
		888DD46724BFEBB900E12DC9 /* Products */ = {
			isa = PBXGroup;
			children = (
				888DD46624BFEBB900E12DC9 /* TaskMapCluster.app */,
			);
			name = Products;
			sourceTree = "<group>";
		};
		888DD46824BFEBB900E12DC9 /* TaskMapCluster */ = {
			isa = PBXGroup;
			children = (
				888DD47C24BFEC2500E12DC9 /* AppDelegate.swift */,
				888DD47B24BFEC2500E12DC9 /* GoogleMap.swift */,
				888DD48A24BFECD600E12DC9 /* Controller */,
				888DD48724BFEC3C00E12DC9 /* Modell */,
				888DD46B24BFEBB900E12DC9 /* ViewController.swift */,
				888DD46D24BFEBB900E12DC9 /* Main.storyboard */,
				888DD47024BFEBBC00E12DC9 /* Assets.xcassets */,
				888DD47224BFEBBC00E12DC9 /* LaunchScreen.storyboard */,
				888DD47524BFEBBC00E12DC9 /* Info.plist */,
			);
			path = TaskMapCluster;
			sourceTree = "<group>";
		};
		888DD48724BFEC3C00E12DC9 /* Modell */ = {
			isa = PBXGroup;
			children = (
				888DD48424BFEC3700E12DC9 /* Data.swift */,
				888DD48324BFEC3700E12DC9 /* JsonBase.swift */,
			);
			path = Modell;
			sourceTree = "<group>";
		};
		888DD48A24BFECD600E12DC9 /* Controller */ = {
			isa = PBXGroup;
			children = (
				888DD48824BFECCE00E12DC9 /* MyMap.swift */,
			);
			path = Controller;
			sourceTree = "<group>";
		};
		E646125B6B72D1E0FCDD9A5B /* Pods */ = {
			isa = PBXGroup;
			children = (
				83FA415EC34BBDFCE3235EDA /* Pods-TaskMapCluster.debug.xcconfig */,
				9B0B2055206AE6A012EB4BF6 /* Pods-TaskMapCluster.release.xcconfig */,
			);
			path = Pods;
			sourceTree = "<group>";
		};
		EBA2D7172B25C1C5D1CAA442 /* Frameworks */ = {
			isa = PBXGroup;
			children = (
				D48101CFD66EFE164DD018FA /* Pods_TaskMapCluster.framework */,
			);
			name = Frameworks;
			sourceTree = "<group>";
		};
/* End PBXGroup section */

/* Begin PBXNativeTarget section */
		888DD46524BFEBB900E12DC9 /* TaskMapCluster */ = {
			isa = PBXNativeTarget;
			buildConfigurationList = 888DD47824BFEBBC00E12DC9 /* Build configuration list for PBXNativeTarget "TaskMapCluster" */;
			buildPhases = (
				F9ADB82869CB55CF10921CAD /* [CP] Check Pods Manifest.lock */,
				888DD46224BFEBB900E12DC9 /* Sources */,
				888DD46324BFEBB900E12DC9 /* Frameworks */,
				888DD46424BFEBB900E12DC9 /* Resources */,
				3EB0807B488636380DE4B588 /* [CP] Embed Pods Frameworks */,
				9EB7A8EFAB62607A853952E1 /* [CP] Copy Pods Resources */,
			);
			buildRules = (
			);
			dependencies = (
			);
			name = TaskMapCluster;
			productName = TaskMapCluster;
			productReference = 888DD46624BFEBB900E12DC9 /* TaskMapCluster.app */;
			productType = "com.apple.product-type.application";
		};
/* End PBXNativeTarget section */

/* Begin PBXProject section */
		888DD45E24BFEBB900E12DC9 /* Project object */ = {
			isa = PBXProject;
			attributes = {
				LastSwiftUpdateCheck = 1030;
				LastUpgradeCheck = 1030;
				ORGANIZATIONNAME = Mohanned;
				TargetAttributes = {
					888DD46524BFEBB900E12DC9 = {
						CreatedOnToolsVersion = 10.3;
					};
				};
			};
			buildConfigurationList = 888DD46124BFEBB900E12DC9 /* Build configuration list for PBXProject "TaskMapCluster" */;
			compatibilityVersion = "Xcode 9.3";
			developmentRegion = en;
			hasScannedForEncodings = 0;
			knownRegions = (
				en,
				Base,
			);
			mainGroup = 888DD45D24BFEBB900E12DC9;
			productRefGroup = 888DD46724BFEBB900E12DC9 /* Products */;
			projectDirPath = "";
			projectRoot = "";
			targets = (
				888DD46524BFEBB900E12DC9 /* TaskMapCluster */,
			);
		};
/* End PBXProject section */

/* Begin PBXResourcesBuildPhase section */
		888DD46424BFEBB900E12DC9 /* Resources */ = {
			isa = PBXResourcesBuildPhase;
			buildActionMask = 2147483647;
			files = (
				888DD47424BFEBBC00E12DC9 /* LaunchScreen.storyboard in Resources */,
				888DD47124BFEBBC00E12DC9 /* Assets.xcassets in Resources */,
				888DD46F24BFEBB900E12DC9 /* Main.storyboard in Resources */,
			);
			runOnlyForDeploymentPostprocessing = 0;
		};
/* End PBXResourcesBuildPhase section */

/* Begin PBXShellScriptBuildPhase section */
		3EB0807B488636380DE4B588 /* [CP] Embed Pods Frameworks */ = {
			isa = PBXShellScriptBuildPhase;
			buildActionMask = 2147483647;
			files = (
			);
			inputFileListPaths = (
				"${PODS_ROOT}/Target Support Files/Pods-TaskMapCluster/Pods-TaskMapCluster-frameworks-${CONFIGURATION}-input-files.xcfilelist",
			);
			name = "[CP] Embed Pods Frameworks";
			outputFileListPaths = (
				"${PODS_ROOT}/Target Support Files/Pods-TaskMapCluster/Pods-TaskMapCluster-frameworks-${CONFIGURATION}-output-files.xcfilelist",
			);
			runOnlyForDeploymentPostprocessing = 0;
			shellPath = /bin/sh;
			shellScript = "\"${PODS_ROOT}/Target Support Files/Pods-TaskMapCluster/Pods-TaskMapCluster-frameworks.sh\"\n";
			showEnvVarsInLog = 0;
		};
		9EB7A8EFAB62607A853952E1 /* [CP] Copy Pods Resources */ = {
			isa = PBXShellScriptBuildPhase;
			buildActionMask = 2147483647;
			files = (
			);
			inputFileListPaths = (
				"${PODS_ROOT}/Target Support Files/Pods-TaskMapCluster/Pods-TaskMapCluster-resources-${CONFIGURATION}-input-files.xcfilelist",
			);
			name = "[CP] Copy Pods Resources";
			outputFileListPaths = (
				"${PODS_ROOT}/Target Support Files/Pods-TaskMapCluster/Pods-TaskMapCluster-resources-${CONFIGURATION}-output-files.xcfilelist",
			);
			runOnlyForDeploymentPostprocessing = 0;
			shellPath = /bin/sh;
			shellScript = "\"${PODS_ROOT}/Target Support Files/Pods-TaskMapCluster/Pods-TaskMapCluster-resources.sh\"\n";
			showEnvVarsInLog = 0;
		};
		F9ADB82869CB55CF10921CAD /* [CP] Check Pods Manifest.lock */ = {
			isa = PBXShellScriptBuildPhase;
			buildActionMask = 2147483647;
			files = (
			);
			inputFileListPaths = (
			);
			inputPaths = (
				"${PODS_PODFILE_DIR_PATH}/Podfile.lock",
				"${PODS_ROOT}/Manifest.lock",
			);
			name = "[CP] Check Pods Manifest.lock";
			outputFileListPaths = (
			);
			outputPaths = (
				"$(DERIVED_FILE_DIR)/Pods-TaskMapCluster-checkManifestLockResult.txt",
			);
			runOnlyForDeploymentPostprocessing = 0;
			shellPath = /bin/sh;
			shellScript = "diff \"${PODS_PODFILE_DIR_PATH}/Podfile.lock\" \"${PODS_ROOT}/Manifest.lock\" > /dev/null\nif [ $? != 0 ] ; then\n    # print error to STDERR\n    echo \"error: The sandbox is not in sync with the Podfile.lock. Run 'pod install' or update your CocoaPods installation.\" >&2\n    exit 1\nfi\n# This output is used by Xcode 'outputs' to avoid re-running this script phase.\necho \"SUCCESS\" > \"${SCRIPT_OUTPUT_FILE_0}\"\n";
			showEnvVarsInLog = 0;
		};
/* End PBXShellScriptBuildPhase section */

/* Begin PBXSourcesBuildPhase section */
		888DD46224BFEBB900E12DC9 /* Sources */ = {
			isa = PBXSourcesBuildPhase;
			buildActionMask = 2147483647;
			files = (
				888DD48024BFEC2600E12DC9 /* AppDelegate.swift in Sources */,
				888DD48924BFECCE00E12DC9 /* MyMap.swift in Sources */,
				888DD46C24BFEBB900E12DC9 /* ViewController.swift in Sources */,
				888DD48524BFEC3700E12DC9 /* JsonBase.swift in Sources */,
				888DD47F24BFEC2600E12DC9 /* GoogleMap.swift in Sources */,
				888DD48624BFEC3700E12DC9 /* Data.swift in Sources */,
			);
			runOnlyForDeploymentPostprocessing = 0;
		};
/* End PBXSourcesBuildPhase section */

/* Begin PBXVariantGroup section */
		888DD46D24BFEBB900E12DC9 /* Main.storyboard */ = {
			isa = PBXVariantGroup;
			children = (
				888DD46E24BFEBB900E12DC9 /* Base */,
			);
			name = Main.storyboard;
			sourceTree = "<group>";
		};
		888DD47224BFEBBC00E12DC9 /* LaunchScreen.storyboard */ = {
			isa = PBXVariantGroup;
			children = (
				888DD47324BFEBBC00E12DC9 /* Base */,
			);
			name = LaunchScreen.storyboard;
			sourceTree = "<group>";
		};
/* End PBXVariantGroup section */

/* Begin XCBuildConfiguration section */
		888DD47624BFEBBC00E12DC9 /* Debug */ = {
			isa = XCBuildConfiguration;
			buildSettings = {
				ALWAYS_SEARCH_USER_PATHS = NO;
				CLANG_ANALYZER_NONNULL = YES;
				CLANG_ANALYZER_NUMBER_OBJECT_CONVERSION = YES_AGGRESSIVE;
				CLANG_CXX_LANGUAGE_STANDARD = "gnu++14";
				CLANG_CXX_LIBRARY = "libc++";
				CLANG_ENABLE_MODULES = YES;
				CLANG_ENABLE_OBJC_ARC = YES;
				CLANG_ENABLE_OBJC_WEAK = YES;
				CLANG_WARN_BLOCK_CAPTURE_AUTORELEASING = YES;
				CLANG_WARN_BOOL_CONVERSION = YES;
				CLANG_WARN_COMMA = YES;
				CLANG_WARN_CONSTANT_CONVERSION = YES;
				CLANG_WARN_DEPRECATED_OBJC_IMPLEMENTATIONS = YES;
				CLANG_WARN_DIRECT_OBJC_ISA_USAGE = YES_ERROR;
				CLANG_WARN_DOCUMENTATION_COMMENTS = YES;
				CLANG_WARN_EMPTY_BODY = YES;
				CLANG_WARN_ENUM_CONVERSION = YES;
				CLANG_WARN_INFINITE_RECURSION = YES;
				CLANG_WARN_INT_CONVERSION = YES;
				CLANG_WARN_NON_LITERAL_NULL_CONVERSION = YES;
				CLANG_WARN_OBJC_IMPLICIT_RETAIN_SELF = YES;
				CLANG_WARN_OBJC_LITERAL_CONVERSION = YES;
				CLANG_WARN_OBJC_ROOT_CLASS = YES_ERROR;
				CLANG_WARN_RANGE_LOOP_ANALYSIS = YES;
				CLANG_WARN_STRICT_PROTOTYPES = YES;
				CLANG_WARN_SUSPICIOUS_MOVE = YES;
				CLANG_WARN_UNGUARDED_AVAILABILITY = YES_AGGRESSIVE;
				CLANG_WARN_UNREACHABLE_CODE = YES;
				CLANG_WARN__DUPLICATE_METHOD_MATCH = YES;
				CODE_SIGN_IDENTITY = "iPhone Developer";
				COPY_PHASE_STRIP = NO;
				DEBUG_INFORMATION_FORMAT = dwarf;
				ENABLE_STRICT_OBJC_MSGSEND = YES;
				ENABLE_TESTABILITY = YES;
				GCC_C_LANGUAGE_STANDARD = gnu11;
				GCC_DYNAMIC_NO_PIC = NO;
				GCC_NO_COMMON_BLOCKS = YES;
				GCC_OPTIMIZATION_LEVEL = 0;
				GCC_PREPROCESSOR_DEFINITIONS = (
					"DEBUG=1",
					"$(inherited)",
				);
				GCC_WARN_64_TO_32_BIT_CONVERSION = YES;
				GCC_WARN_ABOUT_RETURN_TYPE = YES_ERROR;
				GCC_WARN_UNDECLARED_SELECTOR = YES;
				GCC_WARN_UNINITIALIZED_AUTOS = YES_AGGRESSIVE;
				GCC_WARN_UNUSED_FUNCTION = YES;
				GCC_WARN_UNUSED_VARIABLE = YES;
				IPHONEOS_DEPLOYMENT_TARGET = 12.4;
				MTL_ENABLE_DEBUG_INFO = INCLUDE_SOURCE;
				MTL_FAST_MATH = YES;
				ONLY_ACTIVE_ARCH = YES;
				SDKROOT = iphoneos;
				SWIFT_ACTIVE_COMPILATION_CONDITIONS = DEBUG;
				SWIFT_OPTIMIZATION_LEVEL = "-Onone";
			};
			name = Debug;
		};
		888DD47724BFEBBC00E12DC9 /* Release */ = {
			isa = XCBuildConfiguration;
			buildSettings = {
				ALWAYS_SEARCH_USER_PATHS = NO;
				CLANG_ANALYZER_NONNULL = YES;
				CLANG_ANALYZER_NUMBER_OBJECT_CONVERSION = YES_AGGRESSIVE;
				CLANG_CXX_LANGUAGE_STANDARD = "gnu++14";
				CLANG_CXX_LIBRARY = "libc++";
				CLANG_ENABLE_MODULES = YES;
				CLANG_ENABLE_OBJC_ARC = YES;
				CLANG_ENABLE_OBJC_WEAK = YES;
				CLANG_WARN_BLOCK_CAPTURE_AUTORELEASING = YES;
				CLANG_WARN_BOOL_CONVERSION = YES;
				CLANG_WARN_COMMA = YES;
				CLANG_WARN_CONSTANT_CONVERSION = YES;
				CLANG_WARN_DEPRECATED_OBJC_IMPLEMENTATIONS = YES;
				CLANG_WARN_DIRECT_OBJC_ISA_USAGE = YES_ERROR;
				CLANG_WARN_DOCUMENTATION_COMMENTS = YES;
				CLANG_WARN_EMPTY_BODY = YES;
				CLANG_WARN_ENUM_CONVERSION = YES;
				CLANG_WARN_INFINITE_RECURSION = YES;
				CLANG_WARN_INT_CONVERSION = YES;
				CLANG_WARN_NON_LITERAL_NULL_CONVERSION = YES;
				CLANG_WARN_OBJC_IMPLICIT_RETAIN_SELF = YES;
				CLANG_WARN_OBJC_LITERAL_CONVERSION = YES;
				CLANG_WARN_OBJC_ROOT_CLASS = YES_ERROR;
				CLANG_WARN_RANGE_LOOP_ANALYSIS = YES;
				CLANG_WARN_STRICT_PROTOTYPES = YES;
				CLANG_WARN_SUSPICIOUS_MOVE = YES;
				CLANG_WARN_UNGUARDED_AVAILABILITY = YES_AGGRESSIVE;
				CLANG_WARN_UNREACHABLE_CODE = YES;
				CLANG_WARN__DUPLICATE_METHOD_MATCH = YES;
				CODE_SIGN_IDENTITY = "iPhone Developer";
				COPY_PHASE_STRIP = NO;
				DEBUG_INFORMATION_FORMAT = "dwarf-with-dsym";
				ENABLE_NS_ASSERTIONS = NO;
				ENABLE_STRICT_OBJC_MSGSEND = YES;
				GCC_C_LANGUAGE_STANDARD = gnu11;
				GCC_NO_COMMON_BLOCKS = YES;
				GCC_WARN_64_TO_32_BIT_CONVERSION = YES;
				GCC_WARN_ABOUT_RETURN_TYPE = YES_ERROR;
				GCC_WARN_UNDECLARED_SELECTOR = YES;
				GCC_WARN_UNINITIALIZED_AUTOS = YES_AGGRESSIVE;
				GCC_WARN_UNUSED_FUNCTION = YES;
				GCC_WARN_UNUSED_VARIABLE = YES;
				IPHONEOS_DEPLOYMENT_TARGET = 12.4;
				MTL_ENABLE_DEBUG_INFO = NO;
				MTL_FAST_MATH = YES;
				SDKROOT = iphoneos;
				SWIFT_COMPILATION_MODE = wholemodule;
				SWIFT_OPTIMIZATION_LEVEL = "-O";
				VALIDATE_PRODUCT = YES;
			};
			name = Release;
		};
		888DD47924BFEBBC00E12DC9 /* Debug */ = {
			isa = XCBuildConfiguration;
			baseConfigurationReference = 83FA415EC34BBDFCE3235EDA /* Pods-TaskMapCluster.debug.xcconfig */;
			buildSettings = {
				ASSETCATALOG_COMPILER_APPICON_NAME = AppIcon;
				CODE_SIGN_STYLE = Automatic;
				INFOPLIST_FILE = TaskMapCluster/Info.plist;
				LD_RUNPATH_SEARCH_PATHS = (
					"$(inherited)",
					"@executable_path/Frameworks",
				);
				PRODUCT_BUNDLE_IDENTIFIER = M.TaskMapCluster;
				PRODUCT_NAME = "$(TARGET_NAME)";
				SWIFT_VERSION = 5.0;
				TARGETED_DEVICE_FAMILY = "1,2";
			};
			name = Debug;
		};
		888DD47A24BFEBBC00E12DC9 /* Release */ = {
			isa = XCBuildConfiguration;
			baseConfigurationReference = 9B0B2055206AE6A012EB4BF6 /* Pods-TaskMapCluster.release.xcconfig */;
			buildSettings = {
				ASSETCATALOG_COMPILER_APPICON_NAME = AppIcon;
				CODE_SIGN_STYLE = Automatic;
				INFOPLIST_FILE = TaskMapCluster/Info.plist;
				LD_RUNPATH_SEARCH_PATHS = (
					"$(inherited)",
					"@executable_path/Frameworks",
				);
				PRODUCT_BUNDLE_IDENTIFIER = M.TaskMapCluster;
				PRODUCT_NAME = "$(TARGET_NAME)";
				SWIFT_VERSION = 5.0;
				TARGETED_DEVICE_FAMILY = "1,2";
			};
			name = Release;
		};
/* End XCBuildConfiguration section */

/* Begin XCConfigurationList section */
		888DD46124BFEBB900E12DC9 /* Build configuration list for PBXProject "TaskMapCluster" */ = {
			isa = XCConfigurationList;
			buildConfigurations = (
				888DD47624BFEBBC00E12DC9 /* Debug */,
				888DD47724BFEBBC00E12DC9 /* Release */,
			);
			defaultConfigurationIsVisible = 0;
			defaultConfigurationName = Release;
		};
		888DD47824BFEBBC00E12DC9 /* Build configuration list for PBXNativeTarget "TaskMapCluster" */ = {
			isa = XCConfigurationList;
			buildConfigurations = (
				888DD47924BFEBBC00E12DC9 /* Debug */,
				888DD47A24BFEBBC00E12DC9 /* Release */,
			);
			defaultConfigurationIsVisible = 0;
			defaultConfigurationName = Release;
		};
/* End XCConfigurationList section */
	};
	rootObject = 888DD45E24BFEBB900E12DC9 /* Project object */;
}
